
Microsoft Visual Studio Solution File, Format Version 11.00
# Visual C++ Express 2010
Project("{8BC9CEB8-8B4A-11D0-8D11-00A0C91BC942}") = "Vic H.261 Video Codec", "h261vic_2010.vcxproj", "{4A1B92CB-CA8E-4511-A1D5-B0A322FDE67C}"
EndProject
Global
	GlobalSection(SolutionConfigurationPlatforms) = preSolution
		Debug|Win32 = Debug|Win32
		Release|Win32 = Release|Win32
	EndGlobalSection
	GlobalSection(ProjectConfigurationPlatforms) = postSolution
		{4A1B92CB-CA8E-4511-A1D5-B0A322FDE67C}.Debug|Win32.ActiveCfg = Debug|Win32
		{4A1B92CB-CA8E-4511-A1D5-B0A322FDE67C}.Debug|Win32.Build.0 = Debug|Win32
		{4A1B92CB-CA8E-4511-A1D5-B0A322FDE67C}.Release|Win32.ActiveCfg = Release|Win32
		{4A1B92CB-CA8E-4511-A1D5-B0A322FDE67C}.Release|Win32.Build.0 = Release|Win32
	EndGlobalSection
	GlobalSection(SolutionProperties) = preSolution
		HideSolutionNode = FALSE
	EndGlobalSection
EndGlobal
