Microsoft Visual Studio Solution File, Format Version 11.00
# Visual Studio 2010
Project("{8BC9CEB8-8B4A-11D0-8D11-00A0C91BC942}") = "PTLib Static", "src\ptlib\msos\Console_2010.vcxproj", "{D11E1C9D-406C-4D7C-8F37-913C0BFD9E0D}"
EndProject
Global
	GlobalSection(SolutionConfigurationPlatforms) = preSolution
		Debug|Win32 = Debug|Win32
		No Trace|Win32 = No Trace|Win32
		Release|Win32 = Release|Win32
	EndGlobalSection
	GlobalSection(ProjectConfigurationPlatforms) = postSolution
		{D11E1C9D-406C-4D7C-8F37-913C0BFD9E0D}.Debug|Win32.ActiveCfg = Debug|Win32
		{D11E1C9D-406C-4D7C-8F37-913C0BFD9E0D}.Debug|Win32.Build.0 = Debug|Win32
		{D11E1C9D-406C-4D7C-8F37-913C0BFD9E0D}.No Trace|Win32.ActiveCfg = No Trace|Win32
		{D11E1C9D-406C-4D7C-8F37-913C0BFD9E0D}.No Trace|Win32.Build.0 = No Trace|Win32
		{D11E1C9D-406C-4D7C-8F37-913C0BFD9E0D}.Release|Win32.ActiveCfg = Release|Win32
		{D11E1C9D-406C-4D7C-8F37-913C0BFD9E0D}.Release|Win32.Build.0 = Release|Win32
	EndGlobalSection
	GlobalSection(SolutionProperties) = preSolution
		HideSolutionNode = FALSE
	EndGlobalSection
EndGlobal
