Microsoft Visual Studio Solution File, Format Version 9.00
# Visual Studio 2005
Project("{8BC9CEB8-8B4A-11D0-8D11-00A0C91BC942}") = "Hello World Static", "samples\hello_world\hello_2005.vcproj", "{D38CA533-D522-4D9E-B2C9-D59F6C415268}"
EndProject
Project("{8BC9CEB8-8B4A-11D0-8D11-00A0C91BC942}") = "PTLib Static", "src\ptlib\msos\Console_2005.vcproj", "{D11E1C9D-406C-4D7C-8F37-913C0BFD9E0D}"
EndProject
Project("{8BC9CEB8-8B4A-11D0-8D11-00A0C91BC942}") = "PTLib DLL", "src\ptlib\msos\PTLib_2005.vcproj", "{85F4F26A-1A5D-4685-A48A-448102C5C5BC}"
EndProject
Project("{8BC9CEB8-8B4A-11D0-8D11-00A0C91BC942}") = "MergeSym", "tools\MergeSym\MergeSym_2005.vcproj", "{F34BE504-015A-42E6-9342-3800EAD5F561}"
EndProject
Project("{8BC9CEB8-8B4A-11D0-8D11-00A0C91BC942}") = "configure", "tools\configure\configure_2005.vcproj", "{9C8D0100-6709-4628-9993-69F443AF69E8}"
EndProject
Project("{8BC9CEB8-8B4A-11D0-8D11-00A0C91BC942}") = "Hello World DLL", "samples\hello_world\helloDLL_2005.vcproj", "{86680AA2-ACF3-4247-AF25-8E3D80855868}"
EndProject
Global
	GlobalSection(SolutionConfigurationPlatforms) = preSolution
		Debug|Win32 = Debug|Win32
		Debug|Windows Mobile 5.0 Pocket PC SDK (ARMV4I) = Debug|Windows Mobile 5.0 Pocket PC SDK (ARMV4I)
		Debug|Windows Mobile 6 Professional SDK (ARMV4I) = Debug|Windows Mobile 6 Professional SDK (ARMV4I)
		No Trace|Win32 = No Trace|Win32
		No Trace|Windows Mobile 5.0 Pocket PC SDK (ARMV4I) = No Trace|Windows Mobile 5.0 Pocket PC SDK (ARMV4I)
		No Trace|Windows Mobile 6 Professional SDK (ARMV4I) = No Trace|Windows Mobile 6 Professional SDK (ARMV4I)
		Release|Win32 = Release|Win32
		Release|Windows Mobile 5.0 Pocket PC SDK (ARMV4I) = Release|Windows Mobile 5.0 Pocket PC SDK (ARMV4I)
		Release|Windows Mobile 6 Professional SDK (ARMV4I) = Release|Windows Mobile 6 Professional SDK (ARMV4I)
	EndGlobalSection
	GlobalSection(ProjectConfigurationPlatforms) = postSolution
		{D38CA533-D522-4D9E-B2C9-D59F6C415268}.Debug|Win32.ActiveCfg = Debug|Win32
		{D38CA533-D522-4D9E-B2C9-D59F6C415268}.Debug|Win32.Build.0 = Debug|Win32
		{D38CA533-D522-4D9E-B2C9-D59F6C415268}.Debug|Windows Mobile 5.0 Pocket PC SDK (ARMV4I).ActiveCfg = Debug|Windows Mobile 5.0 Pocket PC SDK (ARMV4I)
		{D38CA533-D522-4D9E-B2C9-D59F6C415268}.Debug|Windows Mobile 5.0 Pocket PC SDK (ARMV4I).Build.0 = Debug|Windows Mobile 5.0 Pocket PC SDK (ARMV4I)
		{D38CA533-D522-4D9E-B2C9-D59F6C415268}.Debug|Windows Mobile 5.0 Pocket PC SDK (ARMV4I).Deploy.0 = Debug|Windows Mobile 5.0 Pocket PC SDK (ARMV4I)
		{D38CA533-D522-4D9E-B2C9-D59F6C415268}.Debug|Windows Mobile 6 Professional SDK (ARMV4I).ActiveCfg = Debug|Windows Mobile 6 Professional SDK (ARMV4I)
		{D38CA533-D522-4D9E-B2C9-D59F6C415268}.Debug|Windows Mobile 6 Professional SDK (ARMV4I).Build.0 = Debug|Windows Mobile 6 Professional SDK (ARMV4I)
		{D38CA533-D522-4D9E-B2C9-D59F6C415268}.Debug|Windows Mobile 6 Professional SDK (ARMV4I).Deploy.0 = Debug|Windows Mobile 6 Professional SDK (ARMV4I)
		{D38CA533-D522-4D9E-B2C9-D59F6C415268}.No Trace|Win32.ActiveCfg = No Trace|Win32
		{D38CA533-D522-4D9E-B2C9-D59F6C415268}.No Trace|Win32.Build.0 = No Trace|Win32
		{D38CA533-D522-4D9E-B2C9-D59F6C415268}.No Trace|Windows Mobile 5.0 Pocket PC SDK (ARMV4I).ActiveCfg = No Trace|Windows Mobile 5.0 Pocket PC SDK (ARMV4I)
		{D38CA533-D522-4D9E-B2C9-D59F6C415268}.No Trace|Windows Mobile 5.0 Pocket PC SDK (ARMV4I).Build.0 = No Trace|Windows Mobile 5.0 Pocket PC SDK (ARMV4I)
		{D38CA533-D522-4D9E-B2C9-D59F6C415268}.No Trace|Windows Mobile 5.0 Pocket PC SDK (ARMV4I).Deploy.0 = No Trace|Windows Mobile 5.0 Pocket PC SDK (ARMV4I)
		{D38CA533-D522-4D9E-B2C9-D59F6C415268}.No Trace|Windows Mobile 6 Professional SDK (ARMV4I).ActiveCfg = No Trace|Windows Mobile 6 Professional SDK (ARMV4I)
		{D38CA533-D522-4D9E-B2C9-D59F6C415268}.No Trace|Windows Mobile 6 Professional SDK (ARMV4I).Build.0 = No Trace|Windows Mobile 6 Professional SDK (ARMV4I)
		{D38CA533-D522-4D9E-B2C9-D59F6C415268}.No Trace|Windows Mobile 6 Professional SDK (ARMV4I).Deploy.0 = No Trace|Windows Mobile 6 Professional SDK (ARMV4I)
		{D38CA533-D522-4D9E-B2C9-D59F6C415268}.Release|Win32.ActiveCfg = Release|Win32
		{D38CA533-D522-4D9E-B2C9-D59F6C415268}.Release|Win32.Build.0 = Release|Win32
		{D38CA533-D522-4D9E-B2C9-D59F6C415268}.Release|Windows Mobile 5.0 Pocket PC SDK (ARMV4I).ActiveCfg = Release|Windows Mobile 5.0 Pocket PC SDK (ARMV4I)
		{D38CA533-D522-4D9E-B2C9-D59F6C415268}.Release|Windows Mobile 5.0 Pocket PC SDK (ARMV4I).Build.0 = Release|Windows Mobile 5.0 Pocket PC SDK (ARMV4I)
		{D38CA533-D522-4D9E-B2C9-D59F6C415268}.Release|Windows Mobile 5.0 Pocket PC SDK (ARMV4I).Deploy.0 = Release|Windows Mobile 5.0 Pocket PC SDK (ARMV4I)
		{D38CA533-D522-4D9E-B2C9-D59F6C415268}.Release|Windows Mobile 6 Professional SDK (ARMV4I).ActiveCfg = Release|Windows Mobile 6 Professional SDK (ARMV4I)
		{D38CA533-D522-4D9E-B2C9-D59F6C415268}.Release|Windows Mobile 6 Professional SDK (ARMV4I).Build.0 = Release|Windows Mobile 6 Professional SDK (ARMV4I)
		{D38CA533-D522-4D9E-B2C9-D59F6C415268}.Release|Windows Mobile 6 Professional SDK (ARMV4I).Deploy.0 = Release|Windows Mobile 6 Professional SDK (ARMV4I)
		{D11E1C9D-406C-4D7C-8F37-913C0BFD9E0D}.Debug|Win32.ActiveCfg = Debug|Win32
		{D11E1C9D-406C-4D7C-8F37-913C0BFD9E0D}.Debug|Win32.Build.0 = Debug|Win32
		{D11E1C9D-406C-4D7C-8F37-913C0BFD9E0D}.Debug|Windows Mobile 5.0 Pocket PC SDK (ARMV4I).ActiveCfg = Debug|Windows Mobile 5.0 Pocket PC SDK (ARMV4I)
		{D11E1C9D-406C-4D7C-8F37-913C0BFD9E0D}.Debug|Windows Mobile 5.0 Pocket PC SDK (ARMV4I).Build.0 = Debug|Windows Mobile 5.0 Pocket PC SDK (ARMV4I)
		{D11E1C9D-406C-4D7C-8F37-913C0BFD9E0D}.Debug|Windows Mobile 5.0 Pocket PC SDK (ARMV4I).Deploy.0 = Debug|Windows Mobile 5.0 Pocket PC SDK (ARMV4I)
		{D11E1C9D-406C-4D7C-8F37-913C0BFD9E0D}.Debug|Windows Mobile 6 Professional SDK (ARMV4I).ActiveCfg = Debug|Windows Mobile 6 Professional SDK (ARMV4I)
		{D11E1C9D-406C-4D7C-8F37-913C0BFD9E0D}.Debug|Windows Mobile 6 Professional SDK (ARMV4I).Build.0 = Debug|Windows Mobile 6 Professional SDK (ARMV4I)
		{D11E1C9D-406C-4D7C-8F37-913C0BFD9E0D}.Debug|Windows Mobile 6 Professional SDK (ARMV4I).Deploy.0 = Debug|Windows Mobile 6 Professional SDK (ARMV4I)
		{D11E1C9D-406C-4D7C-8F37-913C0BFD9E0D}.No Trace|Win32.ActiveCfg = No Trace|Win32
		{D11E1C9D-406C-4D7C-8F37-913C0BFD9E0D}.No Trace|Win32.Build.0 = No Trace|Win32
		{D11E1C9D-406C-4D7C-8F37-913C0BFD9E0D}.No Trace|Windows Mobile 5.0 Pocket PC SDK (ARMV4I).ActiveCfg = No Trace|Windows Mobile 5.0 Pocket PC SDK (ARMV4I)
		{D11E1C9D-406C-4D7C-8F37-913C0BFD9E0D}.No Trace|Windows Mobile 5.0 Pocket PC SDK (ARMV4I).Build.0 = No Trace|Windows Mobile 5.0 Pocket PC SDK (ARMV4I)
		{D11E1C9D-406C-4D7C-8F37-913C0BFD9E0D}.No Trace|Windows Mobile 5.0 Pocket PC SDK (ARMV4I).Deploy.0 = No Trace|Windows Mobile 5.0 Pocket PC SDK (ARMV4I)
		{D11E1C9D-406C-4D7C-8F37-913C0BFD9E0D}.No Trace|Windows Mobile 6 Professional SDK (ARMV4I).ActiveCfg = No Trace|Windows Mobile 6 Professional SDK (ARMV4I)
		{D11E1C9D-406C-4D7C-8F37-913C0BFD9E0D}.No Trace|Windows Mobile 6 Professional SDK (ARMV4I).Build.0 = No Trace|Windows Mobile 6 Professional SDK (ARMV4I)
		{D11E1C9D-406C-4D7C-8F37-913C0BFD9E0D}.No Trace|Windows Mobile 6 Professional SDK (ARMV4I).Deploy.0 = No Trace|Windows Mobile 6 Professional SDK (ARMV4I)
		{D11E1C9D-406C-4D7C-8F37-913C0BFD9E0D}.Release|Win32.ActiveCfg = Release|Win32
		{D11E1C9D-406C-4D7C-8F37-913C0BFD9E0D}.Release|Win32.Build.0 = Release|Win32
		{D11E1C9D-406C-4D7C-8F37-913C0BFD9E0D}.Release|Windows Mobile 5.0 Pocket PC SDK (ARMV4I).ActiveCfg = Release|Windows Mobile 5.0 Pocket PC SDK (ARMV4I)
		{D11E1C9D-406C-4D7C-8F37-913C0BFD9E0D}.Release|Windows Mobile 5.0 Pocket PC SDK (ARMV4I).Build.0 = Release|Windows Mobile 5.0 Pocket PC SDK (ARMV4I)
		{D11E1C9D-406C-4D7C-8F37-913C0BFD9E0D}.Release|Windows Mobile 5.0 Pocket PC SDK (ARMV4I).Deploy.0 = Release|Windows Mobile 5.0 Pocket PC SDK (ARMV4I)
		{D11E1C9D-406C-4D7C-8F37-913C0BFD9E0D}.Release|Windows Mobile 6 Professional SDK (ARMV4I).ActiveCfg = Release|Windows Mobile 6 Professional SDK (ARMV4I)
		{D11E1C9D-406C-4D7C-8F37-913C0BFD9E0D}.Release|Windows Mobile 6 Professional SDK (ARMV4I).Build.0 = Release|Windows Mobile 6 Professional SDK (ARMV4I)
		{D11E1C9D-406C-4D7C-8F37-913C0BFD9E0D}.Release|Windows Mobile 6 Professional SDK (ARMV4I).Deploy.0 = Release|Windows Mobile 6 Professional SDK (ARMV4I)
		{85F4F26A-1A5D-4685-A48A-448102C5C5BC}.Debug|Win32.ActiveCfg = Debug|Win32
		{85F4F26A-1A5D-4685-A48A-448102C5C5BC}.Debug|Win32.Build.0 = Debug|Win32
		{85F4F26A-1A5D-4685-A48A-448102C5C5BC}.Debug|Windows Mobile 5.0 Pocket PC SDK (ARMV4I).ActiveCfg = Debug|Windows Mobile 5.0 Pocket PC SDK (ARMV4I)
		{85F4F26A-1A5D-4685-A48A-448102C5C5BC}.Debug|Windows Mobile 5.0 Pocket PC SDK (ARMV4I).Build.0 = Debug|Windows Mobile 5.0 Pocket PC SDK (ARMV4I)
		{85F4F26A-1A5D-4685-A48A-448102C5C5BC}.Debug|Windows Mobile 5.0 Pocket PC SDK (ARMV4I).Deploy.0 = Debug|Windows Mobile 5.0 Pocket PC SDK (ARMV4I)
		{85F4F26A-1A5D-4685-A48A-448102C5C5BC}.Debug|Windows Mobile 6 Professional SDK (ARMV4I).ActiveCfg = Debug|Windows Mobile 6 Professional SDK (ARMV4I)
		{85F4F26A-1A5D-4685-A48A-448102C5C5BC}.Debug|Windows Mobile 6 Professional SDK (ARMV4I).Build.0 = Debug|Windows Mobile 6 Professional SDK (ARMV4I)
		{85F4F26A-1A5D-4685-A48A-448102C5C5BC}.Debug|Windows Mobile 6 Professional SDK (ARMV4I).Deploy.0 = Debug|Windows Mobile 6 Professional SDK (ARMV4I)
		{85F4F26A-1A5D-4685-A48A-448102C5C5BC}.No Trace|Win32.ActiveCfg = No Trace|Win32
		{85F4F26A-1A5D-4685-A48A-448102C5C5BC}.No Trace|Win32.Build.0 = No Trace|Win32
		{85F4F26A-1A5D-4685-A48A-448102C5C5BC}.No Trace|Windows Mobile 5.0 Pocket PC SDK (ARMV4I).ActiveCfg = No Trace|Windows Mobile 5.0 Pocket PC SDK (ARMV4I)
		{85F4F26A-1A5D-4685-A48A-448102C5C5BC}.No Trace|Windows Mobile 5.0 Pocket PC SDK (ARMV4I).Build.0 = No Trace|Windows Mobile 5.0 Pocket PC SDK (ARMV4I)
		{85F4F26A-1A5D-4685-A48A-448102C5C5BC}.No Trace|Windows Mobile 5.0 Pocket PC SDK (ARMV4I).Deploy.0 = No Trace|Windows Mobile 5.0 Pocket PC SDK (ARMV4I)
		{85F4F26A-1A5D-4685-A48A-448102C5C5BC}.No Trace|Windows Mobile 6 Professional SDK (ARMV4I).ActiveCfg = No Trace|Windows Mobile 6 Professional SDK (ARMV4I)
		{85F4F26A-1A5D-4685-A48A-448102C5C5BC}.No Trace|Windows Mobile 6 Professional SDK (ARMV4I).Build.0 = No Trace|Windows Mobile 6 Professional SDK (ARMV4I)
		{85F4F26A-1A5D-4685-A48A-448102C5C5BC}.No Trace|Windows Mobile 6 Professional SDK (ARMV4I).Deploy.0 = No Trace|Windows Mobile 6 Professional SDK (ARMV4I)
		{85F4F26A-1A5D-4685-A48A-448102C5C5BC}.Release|Win32.ActiveCfg = Release|Win32
		{85F4F26A-1A5D-4685-A48A-448102C5C5BC}.Release|Win32.Build.0 = Release|Win32
		{85F4F26A-1A5D-4685-A48A-448102C5C5BC}.Release|Windows Mobile 5.0 Pocket PC SDK (ARMV4I).ActiveCfg = Release|Windows Mobile 5.0 Pocket PC SDK (ARMV4I)
		{85F4F26A-1A5D-4685-A48A-448102C5C5BC}.Release|Windows Mobile 5.0 Pocket PC SDK (ARMV4I).Build.0 = Release|Windows Mobile 5.0 Pocket PC SDK (ARMV4I)
		{85F4F26A-1A5D-4685-A48A-448102C5C5BC}.Release|Windows Mobile 5.0 Pocket PC SDK (ARMV4I).Deploy.0 = Release|Windows Mobile 5.0 Pocket PC SDK (ARMV4I)
		{85F4F26A-1A5D-4685-A48A-448102C5C5BC}.Release|Windows Mobile 6 Professional SDK (ARMV4I).ActiveCfg = Release|Windows Mobile 6 Professional SDK (ARMV4I)
		{85F4F26A-1A5D-4685-A48A-448102C5C5BC}.Release|Windows Mobile 6 Professional SDK (ARMV4I).Build.0 = Release|Windows Mobile 6 Professional SDK (ARMV4I)
		{85F4F26A-1A5D-4685-A48A-448102C5C5BC}.Release|Windows Mobile 6 Professional SDK (ARMV4I).Deploy.0 = Release|Windows Mobile 6 Professional SDK (ARMV4I)
		{F34BE504-015A-42E6-9342-3800EAD5F561}.Debug|Win32.ActiveCfg = Debug|Win32
		{F34BE504-015A-42E6-9342-3800EAD5F561}.Debug|Windows Mobile 5.0 Pocket PC SDK (ARMV4I).ActiveCfg = Debug|Win32
		{F34BE504-015A-42E6-9342-3800EAD5F561}.Debug|Windows Mobile 6 Professional SDK (ARMV4I).ActiveCfg = Debug|Win32
		{F34BE504-015A-42E6-9342-3800EAD5F561}.No Trace|Win32.ActiveCfg = No Trace|Win32
		{F34BE504-015A-42E6-9342-3800EAD5F561}.No Trace|Windows Mobile 5.0 Pocket PC SDK (ARMV4I).ActiveCfg = No Trace|Win32
		{F34BE504-015A-42E6-9342-3800EAD5F561}.No Trace|Windows Mobile 6 Professional SDK (ARMV4I).ActiveCfg = No Trace|Win32
		{F34BE504-015A-42E6-9342-3800EAD5F561}.Release|Win32.ActiveCfg = Release|Win32
		{F34BE504-015A-42E6-9342-3800EAD5F561}.Release|Win32.Build.0 = Release|Win32
		{F34BE504-015A-42E6-9342-3800EAD5F561}.Release|Windows Mobile 5.0 Pocket PC SDK (ARMV4I).ActiveCfg = Release|Win32
		{F34BE504-015A-42E6-9342-3800EAD5F561}.Release|Windows Mobile 6 Professional SDK (ARMV4I).ActiveCfg = Release|Win32
		{9C8D0100-6709-4628-9993-69F443AF69E8}.Debug|Win32.ActiveCfg = Debug|Win32
		{9C8D0100-6709-4628-9993-69F443AF69E8}.Debug|Windows Mobile 5.0 Pocket PC SDK (ARMV4I).ActiveCfg = Debug|Win32
		{9C8D0100-6709-4628-9993-69F443AF69E8}.Debug|Windows Mobile 5.0 Pocket PC SDK (ARMV4I).Deploy.0 = Debug|Win32
		{9C8D0100-6709-4628-9993-69F443AF69E8}.Debug|Windows Mobile 6 Professional SDK (ARMV4I).ActiveCfg = Debug|Win32
		{9C8D0100-6709-4628-9993-69F443AF69E8}.Debug|Windows Mobile 6 Professional SDK (ARMV4I).Deploy.0 = Debug|Win32
		{9C8D0100-6709-4628-9993-69F443AF69E8}.No Trace|Win32.ActiveCfg = Release|Win32
		{9C8D0100-6709-4628-9993-69F443AF69E8}.No Trace|Windows Mobile 5.0 Pocket PC SDK (ARMV4I).ActiveCfg = Release|Win32
		{9C8D0100-6709-4628-9993-69F443AF69E8}.No Trace|Windows Mobile 6 Professional SDK (ARMV4I).ActiveCfg = Release|Win32
		{9C8D0100-6709-4628-9993-69F443AF69E8}.Release|Win32.ActiveCfg = Release|Win32
		{9C8D0100-6709-4628-9993-69F443AF69E8}.Release|Windows Mobile 5.0 Pocket PC SDK (ARMV4I).ActiveCfg = Release|Win32
		{9C8D0100-6709-4628-9993-69F443AF69E8}.Release|Windows Mobile 6 Professional SDK (ARMV4I).ActiveCfg = Release|Win32
		{86680AA2-ACF3-4247-AF25-8E3D80855868}.Debug|Win32.ActiveCfg = Debug|Win32
		{86680AA2-ACF3-4247-AF25-8E3D80855868}.Debug|Win32.Build.0 = Debug|Win32
		{86680AA2-ACF3-4247-AF25-8E3D80855868}.Debug|Windows Mobile 5.0 Pocket PC SDK (ARMV4I).ActiveCfg = Debug|Windows Mobile 5.0 Pocket PC SDK (ARMV4I)
		{86680AA2-ACF3-4247-AF25-8E3D80855868}.Debug|Windows Mobile 5.0 Pocket PC SDK (ARMV4I).Build.0 = Debug|Windows Mobile 5.0 Pocket PC SDK (ARMV4I)
		{86680AA2-ACF3-4247-AF25-8E3D80855868}.Debug|Windows Mobile 5.0 Pocket PC SDK (ARMV4I).Deploy.0 = Debug|Windows Mobile 5.0 Pocket PC SDK (ARMV4I)
		{86680AA2-ACF3-4247-AF25-8E3D80855868}.Debug|Windows Mobile 6 Professional SDK (ARMV4I).ActiveCfg = Debug|Windows Mobile 6 Professional SDK (ARMV4I)
		{86680AA2-ACF3-4247-AF25-8E3D80855868}.Debug|Windows Mobile 6 Professional SDK (ARMV4I).Build.0 = Debug|Windows Mobile 6 Professional SDK (ARMV4I)
		{86680AA2-ACF3-4247-AF25-8E3D80855868}.Debug|Windows Mobile 6 Professional SDK (ARMV4I).Deploy.0 = Debug|Windows Mobile 6 Professional SDK (ARMV4I)
		{86680AA2-ACF3-4247-AF25-8E3D80855868}.No Trace|Win32.ActiveCfg = No Trace|Win32
		{86680AA2-ACF3-4247-AF25-8E3D80855868}.No Trace|Win32.Build.0 = No Trace|Win32
		{86680AA2-ACF3-4247-AF25-8E3D80855868}.No Trace|Windows Mobile 5.0 Pocket PC SDK (ARMV4I).ActiveCfg = No Trace|Windows Mobile 5.0 Pocket PC SDK (ARMV4I)
		{86680AA2-ACF3-4247-AF25-8E3D80855868}.No Trace|Windows Mobile 5.0 Pocket PC SDK (ARMV4I).Build.0 = No Trace|Windows Mobile 5.0 Pocket PC SDK (ARMV4I)
		{86680AA2-ACF3-4247-AF25-8E3D80855868}.No Trace|Windows Mobile 5.0 Pocket PC SDK (ARMV4I).Deploy.0 = No Trace|Windows Mobile 5.0 Pocket PC SDK (ARMV4I)
		{86680AA2-ACF3-4247-AF25-8E3D80855868}.No Trace|Windows Mobile 6 Professional SDK (ARMV4I).ActiveCfg = No Trace|Windows Mobile 6 Professional SDK (ARMV4I)
		{86680AA2-ACF3-4247-AF25-8E3D80855868}.No Trace|Windows Mobile 6 Professional SDK (ARMV4I).Build.0 = No Trace|Windows Mobile 6 Professional SDK (ARMV4I)
		{86680AA2-ACF3-4247-AF25-8E3D80855868}.No Trace|Windows Mobile 6 Professional SDK (ARMV4I).Deploy.0 = No Trace|Windows Mobile 6 Professional SDK (ARMV4I)
		{86680AA2-ACF3-4247-AF25-8E3D80855868}.Release|Win32.ActiveCfg = Release|Win32
		{86680AA2-ACF3-4247-AF25-8E3D80855868}.Release|Win32.Build.0 = Release|Win32
		{86680AA2-ACF3-4247-AF25-8E3D80855868}.Release|Windows Mobile 5.0 Pocket PC SDK (ARMV4I).ActiveCfg = Release|Windows Mobile 5.0 Pocket PC SDK (ARMV4I)
		{86680AA2-ACF3-4247-AF25-8E3D80855868}.Release|Windows Mobile 5.0 Pocket PC SDK (ARMV4I).Build.0 = Release|Windows Mobile 5.0 Pocket PC SDK (ARMV4I)
		{86680AA2-ACF3-4247-AF25-8E3D80855868}.Release|Windows Mobile 5.0 Pocket PC SDK (ARMV4I).Deploy.0 = Release|Windows Mobile 5.0 Pocket PC SDK (ARMV4I)
		{86680AA2-ACF3-4247-AF25-8E3D80855868}.Release|Windows Mobile 6 Professional SDK (ARMV4I).ActiveCfg = Release|Windows Mobile 6 Professional SDK (ARMV4I)
		{86680AA2-ACF3-4247-AF25-8E3D80855868}.Release|Windows Mobile 6 Professional SDK (ARMV4I).Build.0 = Release|Windows Mobile 6 Professional SDK (ARMV4I)
		{86680AA2-ACF3-4247-AF25-8E3D80855868}.Release|Windows Mobile 6 Professional SDK (ARMV4I).Deploy.0 = Release|Windows Mobile 6 Professional SDK (ARMV4I)
	EndGlobalSection
	GlobalSection(SolutionProperties) = preSolution
		HideSolutionNode = FALSE
	EndGlobalSection
EndGlobal
